
Microsoft Visual Studio Solution File, Format Version 12.00
# Visual Studio Express 15 for Windows Desktop
VisualStudioVersion = 15.0.28307.902
MinimumVisualStudioVersion = 10.0.40219.1
Project("{FAE04EC0-301F-11D3-BF4B-00C04F79EFBC}") = "WindowsFormsApp1", "WindowsFormsApp1\WindowsFormsApp1.csproj", "{C5A959DD-5B7A-4A05-B8E0-D9C2646CE79F}"
EndProject
Global
	GlobalSection(SolutionConfigurationPlatforms) = preSolution
		Debug|Any CPU = Debug|Any CPU
		Release|Any CPU = Release|Any CPU
	EndGlobalSection
	GlobalSection(ProjectConfigurationPlatforms) = postSolution
		{C5A959DD-5B7A-4A05-B8E0-D9C2646CE79F}.Debug|Any CPU.ActiveCfg = Debug|Any CPU
		{C5A959DD-5B7A-4A05-B8E0-D9C2646CE79F}.Debug|Any CPU.Build.0 = Debug|Any CPU
		{C5A959DD-5B7A-4A05-B8E0-D9C2646CE79F}.Release|Any CPU.ActiveCfg = Release|Any CPU
		{C5A959DD-5B7A-4A05-B8E0-D9C2646CE79F}.Release|Any CPU.Build.0 = Release|Any CPU
	EndGlobalSection
	GlobalSection(SolutionProperties) = preSolution
		HideSolutionNode = FALSE
	EndGlobalSection
	GlobalSection(ExtensibilityGlobals) = postSolution
		SolutionGuid = {467B7085-8A6D-4F1E-9B80-E4C10559B385}
	EndGlobalSection
EndGlobal
